PODS:
  - TensorFlowLiteTaskAudio (0.4.3)
  - YamnetVad (0.1.0):
    - TensorFlowLiteTaskAudio (~> 0.4.3)

DEPENDENCIES:
  - YamnetVad (from `../`)

SPEC REPOS:
  trunk:
    - TensorFlowLiteTaskAudio

EXTERNAL SOURCES:
  YamnetVad:
    :path: "../"

SPEC CHECKSUMS:
  TensorFlowLiteTaskAudio: c712928d24d194fc6a461d7894aff29392eb0872
  YamnetVad: 90e24036c41dbba8d81ba9534b7b8e0ae7467a92

PODFILE CHECKSUM: 79e2369b0591993bc031666fa68e8083a1798bfd

COCOAPODS: 1.12.1
